
Microsoft Visual Studio Solution File, Format Version 12.00
# Visual Studio Version 17
VisualStudioVersion = 17.4.33213.308
MinimumVisualStudioVersion = 10.0.40219.1
Project("{FAE04EC0-301F-11D3-BF4B-00C04F79EFBC}") = "VECTORES ORTOGONALES", "VECTORES ORTOGONALES\VECTORES ORTOGONALES.csproj", "{876A4938-FFCC-4631-AA12-2D8C3D37AAD6}"
EndProject
Global
	GlobalSection(SolutionConfigurationPlatforms) = preSolution
		Debug|Any CPU = Debug|Any CPU
		Release|Any CPU = Release|Any CPU
	EndGlobalSection
	GlobalSection(ProjectConfigurationPlatforms) = postSolution
		{876A4938-FFCC-4631-AA12-2D8C3D37AAD6}.Debug|Any CPU.ActiveCfg = Debug|Any CPU
		{876A4938-FFCC-4631-AA12-2D8C3D37AAD6}.Debug|Any CPU.Build.0 = Debug|Any CPU
		{876A4938-FFCC-4631-AA12-2D8C3D37AAD6}.Release|Any CPU.ActiveCfg = Release|Any CPU
		{876A4938-FFCC-4631-AA12-2D8C3D37AAD6}.Release|Any CPU.Build.0 = Release|Any CPU
	EndGlobalSection
	GlobalSection(SolutionProperties) = preSolution
		HideSolutionNode = FALSE
	EndGlobalSection
	GlobalSection(ExtensibilityGlobals) = postSolution
		SolutionGuid = {018ECF27-50C5-413E-957D-E30CA1CC7FB9}
	EndGlobalSection
EndGlobal
