
Microsoft Visual Studio Solution File, Format Version 12.00
# Visual Studio Version 17
VisualStudioVersion = 17.4.33213.308
MinimumVisualStudioVersion = 10.0.40219.1
Project("{FAE04EC0-301F-11D3-BF4B-00C04F79EFBC}") = "Maquina Expendedora", "Maquina Expendedora\Maquina Expendedora.csproj", "{0B8D0E25-D89C-4311-BF09-68C79ECC0CCF}"
EndProject
Global
	GlobalSection(SolutionConfigurationPlatforms) = preSolution
		Debug|Any CPU = Debug|Any CPU
		Release|Any CPU = Release|Any CPU
	EndGlobalSection
	GlobalSection(ProjectConfigurationPlatforms) = postSolution
		{0B8D0E25-D89C-4311-BF09-68C79ECC0CCF}.Debug|Any CPU.ActiveCfg = Debug|Any CPU
		{0B8D0E25-D89C-4311-BF09-68C79ECC0CCF}.Debug|Any CPU.Build.0 = Debug|Any CPU
		{0B8D0E25-D89C-4311-BF09-68C79ECC0CCF}.Release|Any CPU.ActiveCfg = Release|Any CPU
		{0B8D0E25-D89C-4311-BF09-68C79ECC0CCF}.Release|Any CPU.Build.0 = Release|Any CPU
	EndGlobalSection
	GlobalSection(SolutionProperties) = preSolution
		HideSolutionNode = FALSE
	EndGlobalSection
	GlobalSection(ExtensibilityGlobals) = postSolution
		SolutionGuid = {8477CA6E-A693-4AFD-BA83-F22C17E01288}
	EndGlobalSection
EndGlobal
