
Microsoft Visual Studio Solution File, Format Version 12.00
# Visual Studio Version 17
VisualStudioVersion = 17.4.33213.308
MinimumVisualStudioVersion = 10.0.40219.1
Project("{FAE04EC0-301F-11D3-BF4B-00C04F79EFBC}") = "ciclo_sexagenario_chino", "ciclo_sexagenario_chino\ciclo_sexagenario_chino.csproj", "{18007283-B257-4445-B8A9-098DD6FC3A79}"
EndProject
Global
	GlobalSection(SolutionConfigurationPlatforms) = preSolution
		Debug|Any CPU = Debug|Any CPU
		Release|Any CPU = Release|Any CPU
	EndGlobalSection
	GlobalSection(ProjectConfigurationPlatforms) = postSolution
		{18007283-B257-4445-B8A9-098DD6FC3A79}.Debug|Any CPU.ActiveCfg = Debug|Any CPU
		{18007283-B257-4445-B8A9-098DD6FC3A79}.Debug|Any CPU.Build.0 = Debug|Any CPU
		{18007283-B257-4445-B8A9-098DD6FC3A79}.Release|Any CPU.ActiveCfg = Release|Any CPU
		{18007283-B257-4445-B8A9-098DD6FC3A79}.Release|Any CPU.Build.0 = Release|Any CPU
	EndGlobalSection
	GlobalSection(SolutionProperties) = preSolution
		HideSolutionNode = FALSE
	EndGlobalSection
	GlobalSection(ExtensibilityGlobals) = postSolution
		SolutionGuid = {BFE783E1-BD03-45DF-8449-76C33CC937F6}
	EndGlobalSection
EndGlobal
