
Microsoft Visual Studio Solution File, Format Version 12.00
# Visual Studio Version 17
VisualStudioVersion = 17.4.33213.308
MinimumVisualStudioVersion = 10.0.40219.1
Project("{FAE04EC0-301F-11D3-BF4B-00C04F79EFBC}") = "Iteration_master", "Iteration_master\Iteration_master.csproj", "{7809B88E-C078-4E65-B00A-509C9E65711F}"
EndProject
Global
	GlobalSection(SolutionConfigurationPlatforms) = preSolution
		Debug|Any CPU = Debug|Any CPU
		Release|Any CPU = Release|Any CPU
	EndGlobalSection
	GlobalSection(ProjectConfigurationPlatforms) = postSolution
		{7809B88E-C078-4E65-B00A-509C9E65711F}.Debug|Any CPU.ActiveCfg = Debug|Any CPU
		{7809B88E-C078-4E65-B00A-509C9E65711F}.Debug|Any CPU.Build.0 = Debug|Any CPU
		{7809B88E-C078-4E65-B00A-509C9E65711F}.Release|Any CPU.ActiveCfg = Release|Any CPU
		{7809B88E-C078-4E65-B00A-509C9E65711F}.Release|Any CPU.Build.0 = Release|Any CPU
	EndGlobalSection
	GlobalSection(SolutionProperties) = preSolution
		HideSolutionNode = FALSE
	EndGlobalSection
	GlobalSection(ExtensibilityGlobals) = postSolution
		SolutionGuid = {AC989EC0-D197-43D7-BD3F-AB93A1C80D55}
	EndGlobalSection
EndGlobal
