
Microsoft Visual Studio Solution File, Format Version 12.00
# Visual Studio Version 17
VisualStudioVersion = 17.4.33213.308
MinimumVisualStudioVersion = 10.0.40219.1
Project("{FAE04EC0-301F-11D3-BF4B-00C04F79EFBC}") = "marco_de_palabras", "marco_de_palabras\marco_de_palabras.csproj", "{002BD3AF-BA63-4AE9-BA8E-1530490E15CC}"
EndProject
Global
	GlobalSection(SolutionConfigurationPlatforms) = preSolution
		Debug|Any CPU = Debug|Any CPU
		Release|Any CPU = Release|Any CPU
	EndGlobalSection
	GlobalSection(ProjectConfigurationPlatforms) = postSolution
		{002BD3AF-BA63-4AE9-BA8E-1530490E15CC}.Debug|Any CPU.ActiveCfg = Debug|Any CPU
		{002BD3AF-BA63-4AE9-BA8E-1530490E15CC}.Debug|Any CPU.Build.0 = Debug|Any CPU
		{002BD3AF-BA63-4AE9-BA8E-1530490E15CC}.Release|Any CPU.ActiveCfg = Release|Any CPU
		{002BD3AF-BA63-4AE9-BA8E-1530490E15CC}.Release|Any CPU.Build.0 = Release|Any CPU
	EndGlobalSection
	GlobalSection(SolutionProperties) = preSolution
		HideSolutionNode = FALSE
	EndGlobalSection
	GlobalSection(ExtensibilityGlobals) = postSolution
		SolutionGuid = {CC15C867-50EB-45F5-BD83-B66B0B2479CB}
	EndGlobalSection
EndGlobal
