
Microsoft Visual Studio Solution File, Format Version 12.00
# Visual Studio Version 17
VisualStudioVersion = 17.4.33213.308
MinimumVisualStudioVersion = 10.0.40219.1
Project("{FAE04EC0-301F-11D3-BF4B-00C04F79EFBC}") = "mcd_mcm", "mcd_mcm\mcd_mcm.csproj", "{512EAEB8-D38F-42E4-A057-BE91E1CD3C47}"
EndProject
Global
	GlobalSection(SolutionConfigurationPlatforms) = preSolution
		Debug|Any CPU = Debug|Any CPU
		Release|Any CPU = Release|Any CPU
	EndGlobalSection
	GlobalSection(ProjectConfigurationPlatforms) = postSolution
		{512EAEB8-D38F-42E4-A057-BE91E1CD3C47}.Debug|Any CPU.ActiveCfg = Debug|Any CPU
		{512EAEB8-D38F-42E4-A057-BE91E1CD3C47}.Debug|Any CPU.Build.0 = Debug|Any CPU
		{512EAEB8-D38F-42E4-A057-BE91E1CD3C47}.Release|Any CPU.ActiveCfg = Release|Any CPU
		{512EAEB8-D38F-42E4-A057-BE91E1CD3C47}.Release|Any CPU.Build.0 = Release|Any CPU
	EndGlobalSection
	GlobalSection(SolutionProperties) = preSolution
		HideSolutionNode = FALSE
	EndGlobalSection
	GlobalSection(ExtensibilityGlobals) = postSolution
		SolutionGuid = {96666B3C-9D46-4C85-B175-BC16E466B8BA}
	EndGlobalSection
EndGlobal
