
Microsoft Visual Studio Solution File, Format Version 12.00
# Visual Studio Version 17
VisualStudioVersion = 17.4.33213.308
MinimumVisualStudioVersion = 10.0.40219.1
Project("{FAE04EC0-301F-11D3-BF4B-00C04F79EFBC}") = "conjuntos", "conjuntos\conjuntos.csproj", "{755C358D-A224-4B66-9BE6-04932A00418F}"
EndProject
Global
	GlobalSection(SolutionConfigurationPlatforms) = preSolution
		Debug|Any CPU = Debug|Any CPU
		Release|Any CPU = Release|Any CPU
	EndGlobalSection
	GlobalSection(ProjectConfigurationPlatforms) = postSolution
		{755C358D-A224-4B66-9BE6-04932A00418F}.Debug|Any CPU.ActiveCfg = Debug|Any CPU
		{755C358D-A224-4B66-9BE6-04932A00418F}.Debug|Any CPU.Build.0 = Debug|Any CPU
		{755C358D-A224-4B66-9BE6-04932A00418F}.Release|Any CPU.ActiveCfg = Release|Any CPU
		{755C358D-A224-4B66-9BE6-04932A00418F}.Release|Any CPU.Build.0 = Release|Any CPU
	EndGlobalSection
	GlobalSection(SolutionProperties) = preSolution
		HideSolutionNode = FALSE
	EndGlobalSection
	GlobalSection(ExtensibilityGlobals) = postSolution
		SolutionGuid = {EDF518FB-B627-441E-8825-2FE6CCAAC08A}
	EndGlobalSection
EndGlobal
