
Microsoft Visual Studio Solution File, Format Version 12.00
# Visual Studio Version 17
VisualStudioVersion = 17.4.33213.308
MinimumVisualStudioVersion = 10.0.40219.1
Project("{FAE04EC0-301F-11D3-BF4B-00C04F79EFBC}") = "año_bisiesto", "año_bisiesto\año_bisiesto.csproj", "{0CC44B13-47B1-4C5B-98F0-3F76B6703229}"
EndProject
Global
	GlobalSection(SolutionConfigurationPlatforms) = preSolution
		Debug|Any CPU = Debug|Any CPU
		Release|Any CPU = Release|Any CPU
	EndGlobalSection
	GlobalSection(ProjectConfigurationPlatforms) = postSolution
		{0CC44B13-47B1-4C5B-98F0-3F76B6703229}.Debug|Any CPU.ActiveCfg = Debug|Any CPU
		{0CC44B13-47B1-4C5B-98F0-3F76B6703229}.Debug|Any CPU.Build.0 = Debug|Any CPU
		{0CC44B13-47B1-4C5B-98F0-3F76B6703229}.Release|Any CPU.ActiveCfg = Release|Any CPU
		{0CC44B13-47B1-4C5B-98F0-3F76B6703229}.Release|Any CPU.Build.0 = Release|Any CPU
	EndGlobalSection
	GlobalSection(SolutionProperties) = preSolution
		HideSolutionNode = FALSE
	EndGlobalSection
	GlobalSection(ExtensibilityGlobals) = postSolution
		SolutionGuid = {CCE6D663-FD1E-4741-8740-AB4405E17F41}
	EndGlobalSection
EndGlobal
