
Microsoft Visual Studio Solution File, Format Version 12.00
# Visual Studio Version 17
VisualStudioVersion = 17.4.33213.308
MinimumVisualStudioVersion = 10.0.40219.1
Project("{FAE04EC0-301F-11D3-BF4B-00C04F79EFBC}") = "batalla_pokemon", "batalla_pokemon\batalla_pokemon.csproj", "{4BF4E944-085F-47C7-A651-4620348D8F2E}"
EndProject
Global
	GlobalSection(SolutionConfigurationPlatforms) = preSolution
		Debug|Any CPU = Debug|Any CPU
		Release|Any CPU = Release|Any CPU
	EndGlobalSection
	GlobalSection(ProjectConfigurationPlatforms) = postSolution
		{4BF4E944-085F-47C7-A651-4620348D8F2E}.Debug|Any CPU.ActiveCfg = Debug|Any CPU
		{4BF4E944-085F-47C7-A651-4620348D8F2E}.Debug|Any CPU.Build.0 = Debug|Any CPU
		{4BF4E944-085F-47C7-A651-4620348D8F2E}.Release|Any CPU.ActiveCfg = Release|Any CPU
		{4BF4E944-085F-47C7-A651-4620348D8F2E}.Release|Any CPU.Build.0 = Release|Any CPU
	EndGlobalSection
	GlobalSection(SolutionProperties) = preSolution
		HideSolutionNode = FALSE
	EndGlobalSection
	GlobalSection(ExtensibilityGlobals) = postSolution
		SolutionGuid = {29087816-A6EB-403F-BE45-054910CF9A23}
	EndGlobalSection
EndGlobal
